
Microsoft Visual Studio Solution File, Format Version 12.00
# Visual Studio Version 17
VisualStudioVersion = 17.14.36414.22 d17.14
MinimumVisualStudioVersion = 10.0.40219.1
Project("{FAE04EC0-301F-11D3-BF4B-00C04F79EFBC}") = "AritmatikaPEmbagiancs", "AritmatikaPEmbagiancs\AritmatikaPEmbagiancs.csproj", "{FC15CE69-2743-4A45-9E0D-DACA7D60E5A7}"
EndProject
Global
	GlobalSection(SolutionConfigurationPlatforms) = preSolution
		Debug|Any CPU = Debug|Any CPU
		Release|Any CPU = Release|Any CPU
	EndGlobalSection
	GlobalSection(ProjectConfigurationPlatforms) = postSolution
		{FC15CE69-2743-4A45-9E0D-DACA7D60E5A7}.Debug|Any CPU.ActiveCfg = Debug|Any CPU
		{FC15CE69-2743-4A45-9E0D-DACA7D60E5A7}.Debug|Any CPU.Build.0 = Debug|Any CPU
		{FC15CE69-2743-4A45-9E0D-DACA7D60E5A7}.Release|Any CPU.ActiveCfg = Release|Any CPU
		{FC15CE69-2743-4A45-9E0D-DACA7D60E5A7}.Release|Any CPU.Build.0 = Release|Any CPU
	EndGlobalSection
	GlobalSection(SolutionProperties) = preSolution
		HideSolutionNode = FALSE
	EndGlobalSection
	GlobalSection(ExtensibilityGlobals) = postSolution
		SolutionGuid = {CE161A03-CB0C-4AA1-A341-458AD9A4745A}
	EndGlobalSection
EndGlobal
