
Microsoft Visual Studio Solution File, Format Version 12.00
# Visual Studio Version 17
VisualStudioVersion = 17.14.36414.22 d17.14
MinimumVisualStudioVersion = 10.0.40219.1
Project("{FAE04EC0-301F-11D3-BF4B-00C04F79EFBC}") = "HelloWorld", "HelloWorld\HelloWorld.csproj", "{988F15F0-C5BE-4632-8C87-7EB8389CDA15}"
EndProject
Global
	GlobalSection(SolutionConfigurationPlatforms) = preSolution
		Debug|Any CPU = Debug|Any CPU
		Release|Any CPU = Release|Any CPU
	EndGlobalSection
	GlobalSection(ProjectConfigurationPlatforms) = postSolution
		{988F15F0-C5BE-4632-8C87-7EB8389CDA15}.Debug|Any CPU.ActiveCfg = Debug|Any CPU
		{988F15F0-C5BE-4632-8C87-7EB8389CDA15}.Debug|Any CPU.Build.0 = Debug|Any CPU
		{988F15F0-C5BE-4632-8C87-7EB8389CDA15}.Release|Any CPU.ActiveCfg = Release|Any CPU
		{988F15F0-C5BE-4632-8C87-7EB8389CDA15}.Release|Any CPU.Build.0 = Release|Any CPU
	EndGlobalSection
	GlobalSection(SolutionProperties) = preSolution
		HideSolutionNode = FALSE
	EndGlobalSection
	GlobalSection(ExtensibilityGlobals) = postSolution
		SolutionGuid = {496EB4F6-7ED3-4031-A35C-5C5D9F2C2CD3}
	EndGlobalSection
EndGlobal
